// !$*UTF8*$!
{
	archiveVersion = 1;
	classes = {
	};
	objectVersion = 55;
	objects = {

/* Begin PBXBuildFile section */
		2524DD972818010B003D9E24 /* Tests_iOS.swift in Sources */ = {isa = PBXBuildFile; fileRef = 2524DD962818010B003D9E24 /* Tests_iOS.swift */; };
		2524DD992818010B003D9E24 /* Tests_iOSLaunchTests.swift in Sources */ = {isa = PBXBuildFile; fileRef = 2524DD982818010B003D9E24 /* Tests_iOSLaunchTests.swift */; };
		2524DDA32818010B003D9E24 /* Tests_macOS.swift in Sources */ = {isa = PBXBuildFile; fileRef = 2524DDA22818010B003D9E24 /* Tests_macOS.swift */; };
		2524DDA52818010B003D9E24 /* Tests_macOSLaunchTests.swift in Sources */ = {isa = PBXBuildFile; fileRef = 2524DDA42818010B003D9E24 /* Tests_macOSLaunchTests.swift */; };
		2524DDA62818010B003D9E24 /* libTryApp.swift in Sources */ = {isa = PBXBuildFile; fileRef = 2524DD7E28180109003D9E24 /* libTryApp.swift */; };
		2524DDA72818010B003D9E24 /* libTryApp.swift in Sources */ = {isa = PBXBuildFile; fileRef = 2524DD7E28180109003D9E24 /* libTryApp.swift */; };
		2524DDA82818010B003D9E24 /* ContentView.swift in Sources */ = {isa = PBXBuildFile; fileRef = 2524DD7F28180109003D9E24 /* ContentView.swift */; };
		2524DDA92818010B003D9E24 /* ContentView.swift in Sources */ = {isa = PBXBuildFile; fileRef = 2524DD7F28180109003D9E24 /* ContentView.swift */; };
		2524DDAA2818010B003D9E24 /* Assets.xcassets in Resources */ = {isa = PBXBuildFile; fileRef = 2524DD802818010B003D9E24 /* Assets.xcassets */; };
		2524DDAB2818010B003D9E24 /* Assets.xcassets in Resources */ = {isa = PBXBuildFile; fileRef = 2524DD802818010B003D9E24 /* Assets.xcassets */; };
/* End PBXBuildFile section */

/* Begin PBXContainerItemProxy section */
		2524DD932818010B003D9E24 /* PBXContainerItemProxy */ = {
			isa = PBXContainerItemProxy;
			containerPortal = 2524DD7928180109003D9E24 /* Project object */;
			proxyType = 1;
			remoteGlobalIDString = 2524DD842818010B003D9E24;
			remoteInfo = "libTry (iOS)";
		};
		2524DD9F2818010B003D9E24 /* PBXContainerItemProxy */ = {
			isa = PBXContainerItemProxy;
			containerPortal = 2524DD7928180109003D9E24 /* Project object */;
			proxyType = 1;
			remoteGlobalIDString = 2524DD8A2818010B003D9E24;
			remoteInfo = "libTry (macOS)";
		};
/* End PBXContainerItemProxy section */

/* Begin PBXFileReference section */
		2524DD7E28180109003D9E24 /* libTryApp.swift */ = {isa = PBXFileReference; lastKnownFileType = sourcecode.swift; path = libTryApp.swift; sourceTree = "<group>"; };
		2524DD7F28180109003D9E24 /* ContentView.swift */ = {isa = PBXFileReference; lastKnownFileType = sourcecode.swift; path = ContentView.swift; sourceTree = "<group>"; };
		2524DD802818010B003D9E24 /* Assets.xcassets */ = {isa = PBXFileReference; lastKnownFileType = folder.assetcatalog; path = Assets.xcassets; sourceTree = "<group>"; };
		2524DD852818010B003D9E24 /* libTry.app */ = {isa = PBXFileReference; explicitFileType = wrapper.application; includeInIndex = 0; path = libTry.app; sourceTree = BUILT_PRODUCTS_DIR; };
		2524DD8B2818010B003D9E24 /* libTry.app */ = {isa = PBXFileReference; explicitFileType = wrapper.application; includeInIndex = 0; path = libTry.app; sourceTree = BUILT_PRODUCTS_DIR; };
		2524DD8D2818010B003D9E24 /* macOS.entitlements */ = {isa = PBXFileReference; lastKnownFileType = text.plist.entitlements; path = macOS.entitlements; sourceTree = "<group>"; };
		2524DD922818010B003D9E24 /* Tests iOS.xctest */ = {isa = PBXFileReference; explicitFileType = wrapper.cfbundle; includeInIndex = 0; path = "Tests iOS.xctest"; sourceTree = BUILT_PRODUCTS_DIR; };
		2524DD962818010B003D9E24 /* Tests_iOS.swift */ = {isa = PBXFileReference; lastKnownFileType = sourcecode.swift; path = Tests_iOS.swift; sourceTree = "<group>"; };
		2524DD982818010B003D9E24 /* Tests_iOSLaunchTests.swift */ = {isa = PBXFileReference; lastKnownFileType = sourcecode.swift; path = Tests_iOSLaunchTests.swift; sourceTree = "<group>"; };
		2524DD9E2818010B003D9E24 /* Tests macOS.xctest */ = {isa = PBXFileReference; explicitFileType = wrapper.cfbundle; includeInIndex = 0; path = "Tests macOS.xctest"; sourceTree = BUILT_PRODUCTS_DIR; };
		2524DDA22818010B003D9E24 /* Tests_macOS.swift */ = {isa = PBXFileReference; lastKnownFileType = sourcecode.swift; path = Tests_macOS.swift; sourceTree = "<group>"; };
		2524DDA42818010B003D9E24 /* Tests_macOSLaunchTests.swift */ = {isa = PBXFileReference; lastKnownFileType = sourcecode.swift; path = Tests_macOSLaunchTests.swift; sourceTree = "<group>"; };
/* End PBXFileReference section */

/* Begin PBXFrameworksBuildPhase section */
		2524DD822818010B003D9E24 /* Frameworks */ = {
			isa = PBXFrameworksBuildPhase;
			buildActionMask = 2147483647;
			files = (
			);
			runOnlyForDeploymentPostprocessing = 0;
		};
		2524DD882818010B003D9E24 /* Frameworks */ = {
			isa = PBXFrameworksBuildPhase;
			buildActionMask = 2147483647;
			files = (
			);
			runOnlyForDeploymentPostprocessing = 0;
		};
		2524DD8F2818010B003D9E24 /* Frameworks */ = {
			isa = PBXFrameworksBuildPhase;
			buildActionMask = 2147483647;
			files = (
			);
			runOnlyForDeploymentPostprocessing = 0;
		};
		2524DD9B2818010B003D9E24 /* Frameworks */ = {
			isa = PBXFrameworksBuildPhase;
			buildActionMask = 2147483647;
			files = (
			);
			runOnlyForDeploymentPostprocessing = 0;
		};
/* End PBXFrameworksBuildPhase section */

/* Begin PBXGroup section */
		2524DD7828180109003D9E24 = {
			isa = PBXGroup;
			children = (
				2524DD7D28180109003D9E24 /* Shared */,
				2524DD8C2818010B003D9E24 /* macOS */,
				2524DD952818010B003D9E24 /* Tests iOS */,
				2524DDA12818010B003D9E24 /* Tests macOS */,
				2524DD862818010B003D9E24 /* Products */,
			);
			sourceTree = "<group>";
		};
		2524DD7D28180109003D9E24 /* Shared */ = {
			isa = PBXGroup;
			children = (
				2524DD7E28180109003D9E24 /* libTryApp.swift */,
				2524DD7F28180109003D9E24 /* ContentView.swift */,
				2524DD802818010B003D9E24 /* Assets.xcassets */,
			);
			path = Shared;
			sourceTree = "<group>";
		};
		2524DD862818010B003D9E24 /* Products */ = {
			isa = PBXGroup;
			children = (
				2524DD852818010B003D9E24 /* libTry.app */,
				2524DD8B2818010B003D9E24 /* libTry.app */,
				2524DD922818010B003D9E24 /* Tests iOS.xctest */,
				2524DD9E2818010B003D9E24 /* Tests macOS.xctest */,
			);
			name = Products;
			sourceTree = "<group>";
		};
		2524DD8C2818010B003D9E24 /* macOS */ = {
			isa = PBXGroup;
			children = (
				2524DD8D2818010B003D9E24 /* macOS.entitlements */,
			);
			path = macOS;
			sourceTree = "<group>";
		};
		2524DD952818010B003D9E24 /* Tests iOS */ = {
			isa = PBXGroup;
			children = (
				2524DD962818010B003D9E24 /* Tests_iOS.swift */,
				2524DD982818010B003D9E24 /* Tests_iOSLaunchTests.swift */,
			);
			path = "Tests iOS";
			sourceTree = "<group>";
		};
		2524DDA12818010B003D9E24 /* Tests macOS */ = {
			isa = PBXGroup;
			children = (
				2524DDA22818010B003D9E24 /* Tests_macOS.swift */,
				2524DDA42818010B003D9E24 /* Tests_macOSLaunchTests.swift */,
			);
			path = "Tests macOS";
			sourceTree = "<group>";
		};
/* End PBXGroup section */

/* Begin PBXNativeTarget section */
		2524DD842818010B003D9E24 /* libTry (iOS) */ = {
			isa = PBXNativeTarget;
			buildConfigurationList = 2524DDAE2818010B003D9E24 /* Build configuration list for PBXNativeTarget "libTry (iOS)" */;
			buildPhases = (
				2524DD812818010B003D9E24 /* Sources */,
				2524DD822818010B003D9E24 /* Frameworks */,
				2524DD832818010B003D9E24 /* Resources */,
			);
			buildRules = (
			);
			dependencies = (
			);
			name = "libTry (iOS)";
			productName = "libTry (iOS)";
			productReference = 2524DD852818010B003D9E24 /* libTry.app */;
			productType = "com.apple.product-type.application";
		};
		2524DD8A2818010B003D9E24 /* libTry (macOS) */ = {
			isa = PBXNativeTarget;
			buildConfigurationList = 2524DDB12818010B003D9E24 /* Build configuration list for PBXNativeTarget "libTry (macOS)" */;
			buildPhases = (
				2524DD872818010B003D9E24 /* Sources */,
				2524DD882818010B003D9E24 /* Frameworks */,
				2524DD892818010B003D9E24 /* Resources */,
			);
			buildRules = (
			);
			dependencies = (
			);
			name = "libTry (macOS)";
			productName = "libTry (macOS)";
			productReference = 2524DD8B2818010B003D9E24 /* libTry.app */;
			productType = "com.apple.product-type.application";
		};
		2524DD912818010B003D9E24 /* Tests iOS */ = {
			isa = PBXNativeTarget;
			buildConfigurationList = 2524DDB42818010B003D9E24 /* Build configuration list for PBXNativeTarget "Tests iOS" */;
			buildPhases = (
				2524DD8E2818010B003D9E24 /* Sources */,
				2524DD8F2818010B003D9E24 /* Frameworks */,
				2524DD902818010B003D9E24 /* Resources */,
			);
			buildRules = (
			);
			dependencies = (
				2524DD942818010B003D9E24 /* PBXTargetDependency */,
			);
			name = "Tests iOS";
			productName = "Tests iOS";
			productReference = 2524DD922818010B003D9E24 /* Tests iOS.xctest */;
			productType = "com.apple.product-type.bundle.ui-testing";
		};
		2524DD9D2818010B003D9E24 /* Tests macOS */ = {
			isa = PBXNativeTarget;
			buildConfigurationList = 2524DDB72818010B003D9E24 /* Build configuration list for PBXNativeTarget "Tests macOS" */;
			buildPhases = (
				2524DD9A2818010B003D9E24 /* Sources */,
				2524DD9B2818010B003D9E24 /* Frameworks */,
				2524DD9C2818010B003D9E24 /* Resources */,
			);
			buildRules = (
			);
			dependencies = (
				2524DDA02818010B003D9E24 /* PBXTargetDependency */,
			);
			name = "Tests macOS";
			productName = "Tests macOS";
			productReference = 2524DD9E2818010B003D9E24 /* Tests macOS.xctest */;
			productType = "com.apple.product-type.bundle.ui-testing";
		};
/* End PBXNativeTarget section */

/* Begin PBXProject section */
		2524DD7928180109003D9E24 /* Project object */ = {
			isa = PBXProject;
			attributes = {
				BuildIndependentTargetsInParallel = 1;
				LastSwiftUpdateCheck = 1330;
				LastUpgradeCheck = 1330;
				TargetAttributes = {
					2524DD842818010B003D9E24 = {
						CreatedOnToolsVersion = 13.3.1;
					};
					2524DD8A2818010B003D9E24 = {
						CreatedOnToolsVersion = 13.3.1;
					};
					2524DD912818010B003D9E24 = {
						CreatedOnToolsVersion = 13.3.1;
						TestTargetID = 2524DD842818010B003D9E24;
					};
					2524DD9D2818010B003D9E24 = {
						CreatedOnToolsVersion = 13.3.1;
						TestTargetID = 2524DD8A2818010B003D9E24;
					};
				};
			};
			buildConfigurationList = 2524DD7C28180109003D9E24 /* Build configuration list for PBXProject "libTry" */;
			compatibilityVersion = "Xcode 13.0";
			developmentRegion = en;
			hasScannedForEncodings = 0;
			knownRegions = (
				en,
				Base,
			);
			mainGroup = 2524DD7828180109003D9E24;
			productRefGroup = 2524DD862818010B003D9E24 /* Products */;
			projectDirPath = "";
			projectRoot = "";
			targets = (
				2524DD842818010B003D9E24 /* libTry (iOS) */,
				2524DD8A2818010B003D9E24 /* libTry (macOS) */,
				2524DD912818010B003D9E24 /* Tests iOS */,
				2524DD9D2818010B003D9E24 /* Tests macOS */,
			);
		};
/* End PBXProject section */

/* Begin PBXResourcesBuildPhase section */
		2524DD832818010B003D9E24 /* Resources */ = {
			isa = PBXResourcesBuildPhase;
			buildActionMask = 2147483647;
			files = (
				2524DDAA2818010B003D9E24 /* Assets.xcassets in Resources */,
			);
			runOnlyForDeploymentPostprocessing = 0;
		};
		2524DD892818010B003D9E24 /* Resources */ = {
			isa = PBXResourcesBuildPhase;
			buildActionMask = 2147483647;
			files = (
				2524DDAB2818010B003D9E24 /* Assets.xcassets in Resources */,
			);
			runOnlyForDeploymentPostprocessing = 0;
		};
		2524DD902818010B003D9E24 /* Resources */ = {
			isa = PBXResourcesBuildPhase;
			buildActionMask = 2147483647;
			files = (
			);
			runOnlyForDeploymentPostprocessing = 0;
		};
		2524DD9C2818010B003D9E24 /* Resources */ = {
			isa = PBXResourcesBuildPhase;
			buildActionMask = 2147483647;
			files = (
			);
			runOnlyForDeploymentPostprocessing = 0;
		};
/* End PBXResourcesBuildPhase section */

/* Begin PBXSourcesBuildPhase section */
		2524DD812818010B003D9E24 /* Sources */ = {
			isa = PBXSourcesBuildPhase;
			buildActionMask = 2147483647;
			files = (
				2524DDA82818010B003D9E24 /* ContentView.swift in Sources */,
				2524DDA62818010B003D9E24 /* libTryApp.swift in Sources */,
			);
			runOnlyForDeploymentPostprocessing = 0;
		};
		2524DD872818010B003D9E24 /* Sources */ = {
			isa = PBXSourcesBuildPhase;
			buildActionMask = 2147483647;
			files = (
				2524DDA92818010B003D9E24 /* ContentView.swift in Sources */,
				2524DDA72818010B003D9E24 /* libTryApp.swift in Sources */,
			);
			runOnlyForDeploymentPostprocessing = 0;
		};
		2524DD8E2818010B003D9E24 /* Sources */ = {
			isa = PBXSourcesBuildPhase;
			buildActionMask = 2147483647;
			files = (
				2524DD992818010B003D9E24 /* Tests_iOSLaunchTests.swift in Sources */,
				2524DD972818010B003D9E24 /* Tests_iOS.swift in Sources */,
			);
			runOnlyForDeploymentPostprocessing = 0;
		};
		2524DD9A2818010B003D9E24 /* Sources */ = {
			isa = PBXSourcesBuildPhase;
			buildActionMask = 2147483647;
			files = (
				2524DDA52818010B003D9E24 /* Tests_macOSLaunchTests.swift in Sources */,
				2524DDA32818010B003D9E24 /* Tests_macOS.swift in Sources */,
			);
			runOnlyForDeploymentPostprocessing = 0;
		};
/* End PBXSourcesBuildPhase section */

/* Begin PBXTargetDependency section */
		2524DD942818010B003D9E24 /* PBXTargetDependency */ = {
			isa = PBXTargetDependency;
			target = 2524DD842818010B003D9E24 /* libTry (iOS) */;
			targetProxy = 2524DD932818010B003D9E24 /* PBXContainerItemProxy */;
		};
		2524DDA02818010B003D9E24 /* PBXTargetDependency */ = {
			isa = PBXTargetDependency;
			target = 2524DD8A2818010B003D9E24 /* libTry (macOS) */;
			targetProxy = 2524DD9F2818010B003D9E24 /* PBXContainerItemProxy */;
		};
/* End PBXTargetDependency section */

/* Begin XCBuildConfiguration section */
		2524DDAC2818010B003D9E24 /* Debug */ = {
			isa = XCBuildConfiguration;
			buildSettings = {
				ALWAYS_SEARCH_USER_PATHS = NO;
				CLANG_ANALYZER_NONNULL = YES;
				CLANG_ANALYZER_NUMBER_OBJECT_CONVERSION = YES_AGGRESSIVE;
				CLANG_CXX_LANGUAGE_STANDARD = "gnu++17";
				CLANG_ENABLE_MODULES = YES;
				CLANG_ENABLE_OBJC_ARC = YES;
				CLANG_ENABLE_OBJC_WEAK = YES;
				CLANG_WARN_BLOCK_CAPTURE_AUTORELEASING = YES;
				CLANG_WARN_BOOL_CONVERSION = YES;
				CLANG_WARN_COMMA = YES;
				CLANG_WARN_CONSTANT_CONVERSION = YES;
				CLANG_WARN_DEPRECATED_OBJC_IMPLEMENTATIONS = YES;
				CLANG_WARN_DIRECT_OBJC_ISA_USAGE = YES_ERROR;
				CLANG_WARN_DOCUMENTATION_COMMENTS = YES;
				CLANG_WARN_EMPTY_BODY = YES;
				CLANG_WARN_ENUM_CONVERSION = YES;
				CLANG_WARN_INFINITE_RECURSION = YES;
				CLANG_WARN_INT_CONVERSION = YES;
				CLANG_WARN_NON_LITERAL_NULL_CONVERSION = YES;
				CLANG_WARN_OBJC_IMPLICIT_RETAIN_SELF = YES;
				CLANG_WARN_OBJC_LITERAL_CONVERSION = YES;
				CLANG_WARN_OBJC_ROOT_CLASS = YES_ERROR;
				CLANG_WARN_QUOTED_INCLUDE_IN_FRAMEWORK_HEADER = YES;
				CLANG_WARN_RANGE_LOOP_ANALYSIS = YES;
				CLANG_WARN_STRICT_PROTOTYPES = YES;
				CLANG_WARN_SUSPICIOUS_MOVE = YES;
				CLANG_WARN_UNGUARDED_AVAILABILITY = YES_AGGRESSIVE;
				CLANG_WARN_UNREACHABLE_CODE = YES;
				CLANG_WARN__DUPLICATE_METHOD_MATCH = YES;
				COPY_PHASE_STRIP = NO;
				DEBUG_INFORMATION_FORMAT = dwarf;
				ENABLE_STRICT_OBJC_MSGSEND = YES;
				ENABLE_TESTABILITY = YES;
				GCC_C_LANGUAGE_STANDARD = gnu11;
				GCC_DYNAMIC_NO_PIC = NO;
				GCC_NO_COMMON_BLOCKS = YES;
				GCC_OPTIMIZATION_LEVEL = 0;
				GCC_PREPROCESSOR_DEFINITIONS = (
					"DEBUG=1",
					"$(inherited)",
				);
				GCC_WARN_64_TO_32_BIT_CONVERSION = YES;
				GCC_WARN_ABOUT_RETURN_TYPE = YES_ERROR;
				GCC_WARN_UNDECLARED_SELECTOR = YES;
				GCC_WARN_UNINITIALIZED_AUTOS = YES_AGGRESSIVE;
				GCC_WARN_UNUSED_FUNCTION = YES;
				GCC_WARN_UNUSED_VARIABLE = YES;
				MTL_ENABLE_DEBUG_INFO = INCLUDE_SOURCE;
				MTL_FAST_MATH = YES;
				ONLY_ACTIVE_ARCH = YES;
				SWIFT_ACTIVE_COMPILATION_CONDITIONS = DEBUG;
				SWIFT_OPTIMIZATION_LEVEL = "-Onone";
			};
			name = Debug;
		};
		2524DDAD2818010B003D9E24 /* Release */ = {
			isa = XCBuildConfiguration;
			buildSettings = {
				ALWAYS_SEARCH_USER_PATHS = NO;
				CLANG_ANALYZER_NONNULL = YES;
				CLANG_ANALYZER_NUMBER_OBJECT_CONVERSION = YES_AGGRESSIVE;
				CLANG_CXX_LANGUAGE_STANDARD = "gnu++17";
				CLANG_ENABLE_MODULES = YES;
				CLANG_ENABLE_OBJC_ARC = YES;
				CLANG_ENABLE_OBJC_WEAK = YES;
				CLANG_WARN_BLOCK_CAPTURE_AUTORELEASING = YES;
				CLANG_WARN_BOOL_CONVERSION = YES;
				CLANG_WARN_COMMA = YES;
				CLANG_WARN_CONSTANT_CONVERSION = YES;
				CLANG_WARN_DEPRECATED_OBJC_IMPLEMENTATIONS = YES;
				CLANG_WARN_DIRECT_OBJC_ISA_USAGE = YES_ERROR;
				CLANG_WARN_DOCUMENTATION_COMMENTS = YES;
				CLANG_WARN_EMPTY_BODY = YES;
				CLANG_WARN_ENUM_CONVERSION = YES;
				CLANG_WARN_INFINITE_RECURSION = YES;
				CLANG_WARN_INT_CONVERSION = YES;
				CLANG_WARN_NON_LITERAL_NULL_CONVERSION = YES;
				CLANG_WARN_OBJC_IMPLICIT_RETAIN_SELF = YES;
				CLANG_WARN_OBJC_LITERAL_CONVERSION = YES;
				CLANG_WARN_OBJC_ROOT_CLASS = YES_ERROR;
				CLANG_WARN_QUOTED_INCLUDE_IN_FRAMEWORK_HEADER = YES;
				CLANG_WARN_RANGE_LOOP_ANALYSIS = YES;
				CLANG_WARN_STRICT_PROTOTYPES = YES;
				CLANG_WARN_SUSPICIOUS_MOVE = YES;
				CLANG_WARN_UNGUARDED_AVAILABILITY = YES_AGGRESSIVE;
				CLANG_WARN_UNREACHABLE_CODE = YES;
				CLANG_WARN__DUPLICATE_METHOD_MATCH = YES;
				COPY_PHASE_STRIP = NO;
				DEBUG_INFORMATION_FORMAT = "dwarf-with-dsym";
				ENABLE_NS_ASSERTIONS = NO;
				ENABLE_STRICT_OBJC_MSGSEND = YES;
				GCC_C_LANGUAGE_STANDARD = gnu11;
				GCC_NO_COMMON_BLOCKS = YES;
				GCC_WARN_64_TO_32_BIT_CONVERSION = YES;
				GCC_WARN_ABOUT_RETURN_TYPE = YES_ERROR;
				GCC_WARN_UNDECLARED_SELECTOR = YES;
				GCC_WARN_UNINITIALIZED_AUTOS = YES_AGGRESSIVE;
				GCC_WARN_UNUSED_FUNCTION = YES;
				GCC_WARN_UNUSED_VARIABLE = YES;
				MTL_ENABLE_DEBUG_INFO = NO;
				MTL_FAST_MATH = YES;
				SWIFT_COMPILATION_MODE = wholemodule;
				SWIFT_OPTIMIZATION_LEVEL = "-O";
			};
			name = Release;
		};
		2524DDAF2818010B003D9E24 /* Debug */ = {
			isa = XCBuildConfiguration;
			buildSettings = {
				ASSETCATALOG_COMPILER_APPICON_NAME = AppIcon;
				ASSETCATALOG_COMPILER_GLOBAL_ACCENT_COLOR_NAME = AccentColor;
				CODE_SIGN_STYLE = Automatic;
				CURRENT_PROJECT_VERSION = 1;
				DEVELOPMENT_TEAM = 8T4P9D4TB2;
				ENABLE_PREVIEWS = YES;
				GENERATE_INFOPLIST_FILE = YES;
				INFOPLIST_KEY_UIApplicationSceneManifest_Generation = YES;
				INFOPLIST_KEY_UIApplicationSupportsIndirectInputEvents = YES;
				INFOPLIST_KEY_UILaunchScreen_Generation = YES;
				INFOPLIST_KEY_UISupportedInterfaceOrientations_iPad = "UIInterfaceOrientationPortrait UIInterfaceOrientationPortraitUpsideDown UIInterfaceOrientationLandscapeLeft UIInterfaceOrientationLandscapeRight";
				INFOPLIST_KEY_UISupportedInterfaceOrientations_iPhone = "UIInterfaceOrientationPortrait UIInterfaceOrientationLandscapeLeft UIInterfaceOrientationLandscapeRight";
				IPHONEOS_DEPLOYMENT_TARGET = 15.4;
				LD_RUNPATH_SEARCH_PATHS = (
					"$(inherited)",
					"@executable_path/Frameworks",
				);
				MARKETING_VERSION = 1.0;
				PRODUCT_BUNDLE_IDENTIFIER = com.shotach.libTry;
				PRODUCT_NAME = libTry;
				SDKROOT = iphoneos;
				SWIFT_EMIT_LOC_STRINGS = YES;
				SWIFT_VERSION = 5.0;
				TARGETED_DEVICE_FAMILY = "1,2";
			};
			name = Debug;
		};
		2524DDB02818010B003D9E24 /* Release */ = {
			isa = XCBuildConfiguration;
			buildSettings = {
				ASSETCATALOG_COMPILER_APPICON_NAME = AppIcon;
				ASSETCATALOG_COMPILER_GLOBAL_ACCENT_COLOR_NAME = AccentColor;
				CODE_SIGN_STYLE = Automatic;
				CURRENT_PROJECT_VERSION = 1;
				DEVELOPMENT_TEAM = 8T4P9D4TB2;
				ENABLE_PREVIEWS = YES;
				GENERATE_INFOPLIST_FILE = YES;
				INFOPLIST_KEY_UIApplicationSceneManifest_Generation = YES;
				INFOPLIST_KEY_UIApplicationSupportsIndirectInputEvents = YES;
				INFOPLIST_KEY_UILaunchScreen_Generation = YES;
				INFOPLIST_KEY_UISupportedInterfaceOrientations_iPad = "UIInterfaceOrientationPortrait UIInterfaceOrientationPortraitUpsideDown UIInterfaceOrientationLandscapeLeft UIInterfaceOrientationLandscapeRight";
				INFOPLIST_KEY_UISupportedInterfaceOrientations_iPhone = "UIInterfaceOrientationPortrait UIInterfaceOrientationLandscapeLeft UIInterfaceOrientationLandscapeRight";
				IPHONEOS_DEPLOYMENT_TARGET = 15.4;
				LD_RUNPATH_SEARCH_PATHS = (
					"$(inherited)",
					"@executable_path/Frameworks",
				);
				MARKETING_VERSION = 1.0;
				PRODUCT_BUNDLE_IDENTIFIER = com.shotach.libTry;
				PRODUCT_NAME = libTry;
				SDKROOT = iphoneos;
				SWIFT_EMIT_LOC_STRINGS = YES;
				SWIFT_VERSION = 5.0;
				TARGETED_DEVICE_FAMILY = "1,2";
				VALIDATE_PRODUCT = YES;
			};
			name = Release;
		};
		2524DDB22818010B003D9E24 /* Debug */ = {
			isa = XCBuildConfiguration;
			buildSettings = {
				ASSETCATALOG_COMPILER_APPICON_NAME = AppIcon;
				ASSETCATALOG_COMPILER_GLOBAL_ACCENT_COLOR_NAME = AccentColor;
				CODE_SIGN_ENTITLEMENTS = macOS/macOS.entitlements;
				CODE_SIGN_STYLE = Automatic;
				COMBINE_HIDPI_IMAGES = YES;
				CURRENT_PROJECT_VERSION = 1;
				DEVELOPMENT_TEAM = 8T4P9D4TB2;
				ENABLE_HARDENED_RUNTIME = YES;
				ENABLE_PREVIEWS = YES;
				GENERATE_INFOPLIST_FILE = YES;
				INFOPLIST_KEY_NSHumanReadableCopyright = "";
				LD_RUNPATH_SEARCH_PATHS = (
					"$(inherited)",
					"@executable_path/../Frameworks",
				);
				MACOSX_DEPLOYMENT_TARGET = 12.3;
				MARKETING_VERSION = 1.0;
				PRODUCT_BUNDLE_IDENTIFIER = com.shotach.libTry;
				PRODUCT_NAME = libTry;
				SDKROOT = macosx;
				SWIFT_EMIT_LOC_STRINGS = YES;
				SWIFT_VERSION = 5.0;
			};
			name = Debug;
		};
		2524DDB32818010B003D9E24 /* Release */ = {
			isa = XCBuildConfiguration;
			buildSettings = {
				ASSETCATALOG_COMPILER_APPICON_NAME = AppIcon;
				ASSETCATALOG_COMPILER_GLOBAL_ACCENT_COLOR_NAME = AccentColor;
				CODE_SIGN_ENTITLEMENTS = macOS/macOS.entitlements;
				CODE_SIGN_STYLE = Automatic;
				COMBINE_HIDPI_IMAGES = YES;
				CURRENT_PROJECT_VERSION = 1;
				DEVELOPMENT_TEAM = 8T4P9D4TB2;
				ENABLE_HARDENED_RUNTIME = YES;
				ENABLE_PREVIEWS = YES;
				GENERATE_INFOPLIST_FILE = YES;
				INFOPLIST_KEY_NSHumanReadableCopyright = "";
				LD_RUNPATH_SEARCH_PATHS = (
					"$(inherited)",
					"@executable_path/../Frameworks",
				);
				MACOSX_DEPLOYMENT_TARGET = 12.3;
				MARKETING_VERSION = 1.0;
				PRODUCT_BUNDLE_IDENTIFIER = com.shotach.libTry;
				PRODUCT_NAME = libTry;
				SDKROOT = macosx;
				SWIFT_EMIT_LOC_STRINGS = YES;
				SWIFT_VERSION = 5.0;
			};
			name = Release;
		};
		2524DDB52818010B003D9E24 /* Debug */ = {
			isa = XCBuildConfiguration;
			buildSettings = {
				ALWAYS_EMBED_SWIFT_STANDARD_LIBRARIES = YES;
				CODE_SIGN_STYLE = Automatic;
				CURRENT_PROJECT_VERSION = 1;
				DEVELOPMENT_TEAM = 8T4P9D4TB2;
				GENERATE_INFOPLIST_FILE = YES;
				IPHONEOS_DEPLOYMENT_TARGET = 15.4;
				MARKETING_VERSION = 1.0;
				PRODUCT_BUNDLE_IDENTIFIER = "com.shotach.Tests-iOS";
				PRODUCT_NAME = "$(TARGET_NAME)";
				SDKROOT = iphoneos;
				SWIFT_EMIT_LOC_STRINGS = NO;
				SWIFT_VERSION = 5.0;
				TARGETED_DEVICE_FAMILY = "1,2";
				TEST_TARGET_NAME = "libTry (iOS)";
			};
			name = Debug;
		};
		2524DDB62818010B003D9E24 /* Release */ = {
			isa = XCBuildConfiguration;
			buildSettings = {
				ALWAYS_EMBED_SWIFT_STANDARD_LIBRARIES = YES;
				CODE_SIGN_STYLE = Automatic;
				CURRENT_PROJECT_VERSION = 1;
				DEVELOPMENT_TEAM = 8T4P9D4TB2;
				GENERATE_INFOPLIST_FILE = YES;
				IPHONEOS_DEPLOYMENT_TARGET = 15.4;
				MARKETING_VERSION = 1.0;
				PRODUCT_BUNDLE_IDENTIFIER = "com.shotach.Tests-iOS";
				PRODUCT_NAME = "$(TARGET_NAME)";
				SDKROOT = iphoneos;
				SWIFT_EMIT_LOC_STRINGS = NO;
				SWIFT_VERSION = 5.0;
				TARGETED_DEVICE_FAMILY = "1,2";
				TEST_TARGET_NAME = "libTry (iOS)";
				VALIDATE_PRODUCT = YES;
			};
			name = Release;
		};
		2524DDB82818010B003D9E24 /* Debug */ = {
			isa = XCBuildConfiguration;
			buildSettings = {
				ALWAYS_EMBED_SWIFT_STANDARD_LIBRARIES = YES;
				CODE_SIGN_STYLE = Automatic;
				CURRENT_PROJECT_VERSION = 1;
				DEVELOPMENT_TEAM = 8T4P9D4TB2;
				GENERATE_INFOPLIST_FILE = YES;
				MACOSX_DEPLOYMENT_TARGET = 12.3;
				MARKETING_VERSION = 1.0;
				PRODUCT_BUNDLE_IDENTIFIER = "com.shotach.Tests-macOS";
				PRODUCT_NAME = "$(TARGET_NAME)";
				SDKROOT = macosx;
				SWIFT_EMIT_LOC_STRINGS = NO;
				SWIFT_VERSION = 5.0;
				TEST_TARGET_NAME = "libTry (macOS)";
			};
			name = Debug;
		};
		2524DDB92818010B003D9E24 /* Release */ = {
			isa = XCBuildConfiguration;
			buildSettings = {
				ALWAYS_EMBED_SWIFT_STANDARD_LIBRARIES = YES;
				CODE_SIGN_STYLE = Automatic;
				CURRENT_PROJECT_VERSION = 1;
				DEVELOPMENT_TEAM = 8T4P9D4TB2;
				GENERATE_INFOPLIST_FILE = YES;
				MACOSX_DEPLOYMENT_TARGET = 12.3;
				MARKETING_VERSION = 1.0;
				PRODUCT_BUNDLE_IDENTIFIER = "com.shotach.Tests-macOS";
				PRODUCT_NAME = "$(TARGET_NAME)";
				SDKROOT = macosx;
				SWIFT_EMIT_LOC_STRINGS = NO;
				SWIFT_VERSION = 5.0;
				TEST_TARGET_NAME = "libTry (macOS)";
			};
			name = Release;
		};
/* End XCBuildConfiguration section */

/* Begin XCConfigurationList section */
		2524DD7C28180109003D9E24 /* Build configuration list for PBXProject "libTry" */ = {
			isa = XCConfigurationList;
			buildConfigurations = (
				2524DDAC2818010B003D9E24 /* Debug */,
				2524DDAD2818010B003D9E24 /* Release */,
			);
			defaultConfigurationIsVisible = 0;
			defaultConfigurationName = Release;
		};
		2524DDAE2818010B003D9E24 /* Build configuration list for PBXNativeTarget "libTry (iOS)" */ = {
			isa = XCConfigurationList;
			buildConfigurations = (
				2524DDAF2818010B003D9E24 /* Debug */,
				2524DDB02818010B003D9E24 /* Release */,
			);
			defaultConfigurationIsVisible = 0;
			defaultConfigurationName = Release;
		};
		2524DDB12818010B003D9E24 /* Build configuration list for PBXNativeTarget "libTry (macOS)" */ = {
			isa = XCConfigurationList;
			buildConfigurations = (
				2524DDB22818010B003D9E24 /* Debug */,
				2524DDB32818010B003D9E24 /* Release */,
			);
			defaultConfigurationIsVisible = 0;
			defaultConfigurationName = Release;
		};
		2524DDB42818010B003D9E24 /* Build configuration list for PBXNativeTarget "Tests iOS" */ = {
			isa = XCConfigurationList;
			buildConfigurations = (
				2524DDB52818010B003D9E24 /* Debug */,
				2524DDB62818010B003D9E24 /* Release */,
			);
			defaultConfigurationIsVisible = 0;
			defaultConfigurationName = Release;
		};
		2524DDB72818010B003D9E24 /* Build configuration list for PBXNativeTarget "Tests macOS" */ = {
			isa = XCConfigurationList;
			buildConfigurations = (
				2524DDB82818010B003D9E24 /* Debug */,
				2524DDB92818010B003D9E24 /* Release */,
			);
			defaultConfigurationIsVisible = 0;
			defaultConfigurationName = Release;
		};
/* End XCConfigurationList section */
	};
	rootObject = 2524DD7928180109003D9E24 /* Project object */;
}
